
Microsoft Visual Studio Solution File, Format Version 12.00
# Visual Studio 15
VisualStudioVersion = 15.0.26430.12
MinimumVisualStudioVersion = 15.0.26124.0
Project("{2150E333-8FDC-42A3-9474-1A3956D46DE8}") = "Test", "Test", "{4BA39C02-8943-4ED6-B37E-637A0BAEB4D8}"
EndProject
Project("{9A19103F-16F7-4668-BE54-9A1E7A4F7556}") = "Intranet.Web.Domain", "Intranet.Web.Domain\Intranet.Web.Domain.csproj", "{B89283DA-B3F1-4632-9590-E592E9DD74BF}"
	ProjectSection(ProjectDependencies) = postProject
		{F5F60BD2-5ACC-4F2D-9365-81E91DDB3F1D} = {F5F60BD2-5ACC-4F2D-9365-81E91DDB3F1D}
	EndProjectSection
EndProject
Project("{9A19103F-16F7-4668-BE54-9A1E7A4F7556}") = "Intranet.Web.Authentication", "Intranet.Web.Authentication\Intranet.Web.Authentication.csproj", "{D1612536-24AF-4EDE-ABFD-70F49B3A8CAD}"
EndProject
Project("{2150E333-8FDC-42A3-9474-1A3956D46DE8}") = "Build", "Build", "{6A0A2A42-1C46-4EA3-9163-773E9163501B}"
	ProjectSection(SolutionItems) = preProject
		..\.travis.yml = ..\.travis.yml
		build.cake = build.cake
	EndProjectSection
EndProject
Project("{2150E333-8FDC-42A3-9474-1A3956D46DE8}") = "Config", "Config", "{2203A5F0-AFF7-4316-95B6-18FEF96BCC7F}"
	ProjectSection(SolutionItems) = preProject
		..\.editorconfig = ..\.editorconfig
	EndProjectSection
EndProject
Project("{2150E333-8FDC-42A3-9474-1A3956D46DE8}") = "Documentation", "Documentation", "{823AD07B-5E14-4A35-B70B-C05F758A5193}"
	ProjectSection(SolutionItems) = preProject
		..\docfx.json = ..\docfx.json
		..\README.md = ..\README.md
		..\toc.yml = ..\toc.yml
	EndProjectSection
EndProject
Project("{9A19103F-16F7-4668-BE54-9A1E7A4F7556}") = "docs", "docs\docs.csproj", "{E175DD6A-977B-40C8-B185-1F45588F78A2}"
EndProject
Project("{9A19103F-16F7-4668-BE54-9A1E7A4F7556}") = "Intranet.Web", "Intranet.Web\Intranet.Web.csproj", "{384A5A83-724B-4AE8-8B79-795438D427DA}"
EndProject
Project("{9A19103F-16F7-4668-BE54-9A1E7A4F7556}") = "Intranet.Web.Common", "Intranet.Web.Common\Intranet.Web.Common.csproj", "{F5F60BD2-5ACC-4F2D-9365-81E91DDB3F1D}"
EndProject
Project("{9A19103F-16F7-4668-BE54-9A1E7A4F7556}") = "Intranet.Services", "Intranet.Services\Intranet.Services.csproj", "{B5CB67CB-C7E2-468B-9E15-D4C51EB77175}"
EndProject
Project("{9A19103F-16F7-4668-BE54-9A1E7A4F7556}") = "Intranet.Web.UnitTests", "Intranet.Web.UnitTests\Intranet.Web.UnitTests.csproj", "{B190FA1E-58F6-407E-B03C-5F910F2D638A}"
EndProject
Project("{9A19103F-16F7-4668-BE54-9A1E7A4F7556}") = "Intranet.Services.UnitTests", "Intranet.Services.UnitTests\Intranet.Services.UnitTests.csproj", "{FF1C31F2-BA51-4E55-8E20-2E0BCB444CF9}"
EndProject
Project("{9A19103F-16F7-4668-BE54-9A1E7A4F7556}") = "Intranet.Web.Authentication.UnitTests", "Intranet.Web.Authentication.UnitTests\Intranet.Web.Authentication.UnitTests.csproj", "{1F7C399D-9A77-497A-B7F3-99D9F7C57F29}"
EndProject
Project("{9A19103F-16F7-4668-BE54-9A1E7A4F7556}") = "Intranet.Web.Domain.UnitTests", "Intranet.Web.Domain.UnitTests\Intranet.Web.Domain.UnitTests.csproj", "{AAB37DFE-15E0-48DE-9122-172732D028C6}"
EndProject
Project("{9A19103F-16F7-4668-BE54-9A1E7A4F7556}") = "Intranet.Web.Common.UnitTests", "Intranet.Web.Common.UnitTests\Intranet.Web.Common.UnitTests.csproj", "{74311002-4D1B-4D66-AC79-E40575C34C81}"
EndProject
Project("{9A19103F-16F7-4668-BE54-9A1E7A4F7556}") = "Intranet.Test.Tools", "Intranet.Test.Tools\Intranet.Test.Tools.csproj", "{0A822E0B-A27E-46FF-911B-01908375A5D6}"
EndProject
Project("{FAE04EC0-301F-11D3-BF4B-00C04F79EFBC}") = "Intranet.Selenium.Framework", "Intranet.Selenium.Framework\Intranet.Selenium.Framework.csproj", "{299A519C-76D4-46FD-AE54-8C46741C0946}"
EndProject
Global
	GlobalSection(SolutionConfigurationPlatforms) = preSolution
		Debug|Any CPU = Debug|Any CPU
		Debug|x64 = Debug|x64
		Debug|x86 = Debug|x86
		Release|Any CPU = Release|Any CPU
		Release|x64 = Release|x64
		Release|x86 = Release|x86
	EndGlobalSection
	GlobalSection(ProjectConfigurationPlatforms) = postSolution
		{B89283DA-B3F1-4632-9590-E592E9DD74BF}.Debug|Any CPU.ActiveCfg = Debug|Any CPU
		{B89283DA-B3F1-4632-9590-E592E9DD74BF}.Debug|Any CPU.Build.0 = Debug|Any CPU
		{B89283DA-B3F1-4632-9590-E592E9DD74BF}.Debug|x64.ActiveCfg = Debug|Any CPU
		{B89283DA-B3F1-4632-9590-E592E9DD74BF}.Debug|x64.Build.0 = Debug|Any CPU
		{B89283DA-B3F1-4632-9590-E592E9DD74BF}.Debug|x86.ActiveCfg = Debug|Any CPU
		{B89283DA-B3F1-4632-9590-E592E9DD74BF}.Debug|x86.Build.0 = Debug|Any CPU
		{B89283DA-B3F1-4632-9590-E592E9DD74BF}.Release|Any CPU.ActiveCfg = Release|Any CPU
		{B89283DA-B3F1-4632-9590-E592E9DD74BF}.Release|Any CPU.Build.0 = Release|Any CPU
		{B89283DA-B3F1-4632-9590-E592E9DD74BF}.Release|x64.ActiveCfg = Release|Any CPU
		{B89283DA-B3F1-4632-9590-E592E9DD74BF}.Release|x64.Build.0 = Release|Any CPU
		{B89283DA-B3F1-4632-9590-E592E9DD74BF}.Release|x86.ActiveCfg = Release|Any CPU
		{B89283DA-B3F1-4632-9590-E592E9DD74BF}.Release|x86.Build.0 = Release|Any CPU
		{D1612536-24AF-4EDE-ABFD-70F49B3A8CAD}.Debug|Any CPU.ActiveCfg = Debug|Any CPU
		{D1612536-24AF-4EDE-ABFD-70F49B3A8CAD}.Debug|Any CPU.Build.0 = Debug|Any CPU
		{D1612536-24AF-4EDE-ABFD-70F49B3A8CAD}.Debug|x64.ActiveCfg = Debug|Any CPU
		{D1612536-24AF-4EDE-ABFD-70F49B3A8CAD}.Debug|x64.Build.0 = Debug|Any CPU
		{D1612536-24AF-4EDE-ABFD-70F49B3A8CAD}.Debug|x86.ActiveCfg = Debug|Any CPU
		{D1612536-24AF-4EDE-ABFD-70F49B3A8CAD}.Debug|x86.Build.0 = Debug|Any CPU
		{D1612536-24AF-4EDE-ABFD-70F49B3A8CAD}.Release|Any CPU.ActiveCfg = Release|Any CPU
		{D1612536-24AF-4EDE-ABFD-70F49B3A8CAD}.Release|Any CPU.Build.0 = Release|Any CPU
		{D1612536-24AF-4EDE-ABFD-70F49B3A8CAD}.Release|x64.ActiveCfg = Release|Any CPU
		{D1612536-24AF-4EDE-ABFD-70F49B3A8CAD}.Release|x64.Build.0 = Release|Any CPU
		{D1612536-24AF-4EDE-ABFD-70F49B3A8CAD}.Release|x86.ActiveCfg = Release|Any CPU
		{D1612536-24AF-4EDE-ABFD-70F49B3A8CAD}.Release|x86.Build.0 = Release|Any CPU
		{E175DD6A-977B-40C8-B185-1F45588F78A2}.Debug|Any CPU.ActiveCfg = Debug|Any CPU
		{E175DD6A-977B-40C8-B185-1F45588F78A2}.Debug|Any CPU.Build.0 = Debug|Any CPU
		{E175DD6A-977B-40C8-B185-1F45588F78A2}.Debug|x64.ActiveCfg = Debug|Any CPU
		{E175DD6A-977B-40C8-B185-1F45588F78A2}.Debug|x64.Build.0 = Debug|Any CPU
		{E175DD6A-977B-40C8-B185-1F45588F78A2}.Debug|x86.ActiveCfg = Debug|Any CPU
		{E175DD6A-977B-40C8-B185-1F45588F78A2}.Debug|x86.Build.0 = Debug|Any CPU
		{E175DD6A-977B-40C8-B185-1F45588F78A2}.Release|Any CPU.ActiveCfg = Release|Any CPU
		{E175DD6A-977B-40C8-B185-1F45588F78A2}.Release|Any CPU.Build.0 = Release|Any CPU
		{E175DD6A-977B-40C8-B185-1F45588F78A2}.Release|x64.ActiveCfg = Release|Any CPU
		{E175DD6A-977B-40C8-B185-1F45588F78A2}.Release|x64.Build.0 = Release|Any CPU
		{E175DD6A-977B-40C8-B185-1F45588F78A2}.Release|x86.ActiveCfg = Release|Any CPU
		{E175DD6A-977B-40C8-B185-1F45588F78A2}.Release|x86.Build.0 = Release|Any CPU
		{384A5A83-724B-4AE8-8B79-795438D427DA}.Debug|Any CPU.ActiveCfg = Debug|Any CPU
		{384A5A83-724B-4AE8-8B79-795438D427DA}.Debug|Any CPU.Build.0 = Debug|Any CPU
		{384A5A83-724B-4AE8-8B79-795438D427DA}.Debug|x64.ActiveCfg = Debug|Any CPU
		{384A5A83-724B-4AE8-8B79-795438D427DA}.Debug|x64.Build.0 = Debug|Any CPU
		{384A5A83-724B-4AE8-8B79-795438D427DA}.Debug|x86.ActiveCfg = Debug|Any CPU
		{384A5A83-724B-4AE8-8B79-795438D427DA}.Debug|x86.Build.0 = Debug|Any CPU
		{384A5A83-724B-4AE8-8B79-795438D427DA}.Release|Any CPU.ActiveCfg = Release|Any CPU
		{384A5A83-724B-4AE8-8B79-795438D427DA}.Release|Any CPU.Build.0 = Release|Any CPU
		{384A5A83-724B-4AE8-8B79-795438D427DA}.Release|x64.ActiveCfg = Release|Any CPU
		{384A5A83-724B-4AE8-8B79-795438D427DA}.Release|x64.Build.0 = Release|Any CPU
		{384A5A83-724B-4AE8-8B79-795438D427DA}.Release|x86.ActiveCfg = Release|Any CPU
		{384A5A83-724B-4AE8-8B79-795438D427DA}.Release|x86.Build.0 = Release|Any CPU
		{F5F60BD2-5ACC-4F2D-9365-81E91DDB3F1D}.Debug|Any CPU.ActiveCfg = Debug|Any CPU
		{F5F60BD2-5ACC-4F2D-9365-81E91DDB3F1D}.Debug|Any CPU.Build.0 = Debug|Any CPU
		{F5F60BD2-5ACC-4F2D-9365-81E91DDB3F1D}.Debug|x64.ActiveCfg = Debug|Any CPU
		{F5F60BD2-5ACC-4F2D-9365-81E91DDB3F1D}.Debug|x64.Build.0 = Debug|Any CPU
		{F5F60BD2-5ACC-4F2D-9365-81E91DDB3F1D}.Debug|x86.ActiveCfg = Debug|Any CPU
		{F5F60BD2-5ACC-4F2D-9365-81E91DDB3F1D}.Debug|x86.Build.0 = Debug|Any CPU
		{F5F60BD2-5ACC-4F2D-9365-81E91DDB3F1D}.Release|Any CPU.ActiveCfg = Release|Any CPU
		{F5F60BD2-5ACC-4F2D-9365-81E91DDB3F1D}.Release|Any CPU.Build.0 = Release|Any CPU
		{F5F60BD2-5ACC-4F2D-9365-81E91DDB3F1D}.Release|x64.ActiveCfg = Release|Any CPU
		{F5F60BD2-5ACC-4F2D-9365-81E91DDB3F1D}.Release|x64.Build.0 = Release|Any CPU
		{F5F60BD2-5ACC-4F2D-9365-81E91DDB3F1D}.Release|x86.ActiveCfg = Release|Any CPU
		{F5F60BD2-5ACC-4F2D-9365-81E91DDB3F1D}.Release|x86.Build.0 = Release|Any CPU
		{B5CB67CB-C7E2-468B-9E15-D4C51EB77175}.Debug|Any CPU.ActiveCfg = Debug|Any CPU
		{B5CB67CB-C7E2-468B-9E15-D4C51EB77175}.Debug|Any CPU.Build.0 = Debug|Any CPU
		{B5CB67CB-C7E2-468B-9E15-D4C51EB77175}.Debug|x64.ActiveCfg = Debug|Any CPU
		{B5CB67CB-C7E2-468B-9E15-D4C51EB77175}.Debug|x64.Build.0 = Debug|Any CPU
		{B5CB67CB-C7E2-468B-9E15-D4C51EB77175}.Debug|x86.ActiveCfg = Debug|Any CPU
		{B5CB67CB-C7E2-468B-9E15-D4C51EB77175}.Debug|x86.Build.0 = Debug|Any CPU
		{B5CB67CB-C7E2-468B-9E15-D4C51EB77175}.Release|Any CPU.ActiveCfg = Release|Any CPU
		{B5CB67CB-C7E2-468B-9E15-D4C51EB77175}.Release|Any CPU.Build.0 = Release|Any CPU
		{B5CB67CB-C7E2-468B-9E15-D4C51EB77175}.Release|x64.ActiveCfg = Release|Any CPU
		{B5CB67CB-C7E2-468B-9E15-D4C51EB77175}.Release|x64.Build.0 = Release|Any CPU
		{B5CB67CB-C7E2-468B-9E15-D4C51EB77175}.Release|x86.ActiveCfg = Release|Any CPU
		{B5CB67CB-C7E2-468B-9E15-D4C51EB77175}.Release|x86.Build.0 = Release|Any CPU
		{B190FA1E-58F6-407E-B03C-5F910F2D638A}.Debug|Any CPU.ActiveCfg = Debug|Any CPU
		{B190FA1E-58F6-407E-B03C-5F910F2D638A}.Debug|Any CPU.Build.0 = Debug|Any CPU
		{B190FA1E-58F6-407E-B03C-5F910F2D638A}.Debug|x64.ActiveCfg = Debug|Any CPU
		{B190FA1E-58F6-407E-B03C-5F910F2D638A}.Debug|x64.Build.0 = Debug|Any CPU
		{B190FA1E-58F6-407E-B03C-5F910F2D638A}.Debug|x86.ActiveCfg = Debug|Any CPU
		{B190FA1E-58F6-407E-B03C-5F910F2D638A}.Debug|x86.Build.0 = Debug|Any CPU
		{B190FA1E-58F6-407E-B03C-5F910F2D638A}.Release|Any CPU.ActiveCfg = Release|Any CPU
		{B190FA1E-58F6-407E-B03C-5F910F2D638A}.Release|Any CPU.Build.0 = Release|Any CPU
		{B190FA1E-58F6-407E-B03C-5F910F2D638A}.Release|x64.ActiveCfg = Release|Any CPU
		{B190FA1E-58F6-407E-B03C-5F910F2D638A}.Release|x64.Build.0 = Release|Any CPU
		{B190FA1E-58F6-407E-B03C-5F910F2D638A}.Release|x86.ActiveCfg = Release|Any CPU
		{B190FA1E-58F6-407E-B03C-5F910F2D638A}.Release|x86.Build.0 = Release|Any CPU
		{FF1C31F2-BA51-4E55-8E20-2E0BCB444CF9}.Debug|Any CPU.ActiveCfg = Debug|Any CPU
		{FF1C31F2-BA51-4E55-8E20-2E0BCB444CF9}.Debug|Any CPU.Build.0 = Debug|Any CPU
		{FF1C31F2-BA51-4E55-8E20-2E0BCB444CF9}.Debug|x64.ActiveCfg = Debug|Any CPU
		{FF1C31F2-BA51-4E55-8E20-2E0BCB444CF9}.Debug|x64.Build.0 = Debug|Any CPU
		{FF1C31F2-BA51-4E55-8E20-2E0BCB444CF9}.Debug|x86.ActiveCfg = Debug|Any CPU
		{FF1C31F2-BA51-4E55-8E20-2E0BCB444CF9}.Debug|x86.Build.0 = Debug|Any CPU
		{FF1C31F2-BA51-4E55-8E20-2E0BCB444CF9}.Release|Any CPU.ActiveCfg = Release|Any CPU
		{FF1C31F2-BA51-4E55-8E20-2E0BCB444CF9}.Release|Any CPU.Build.0 = Release|Any CPU
		{FF1C31F2-BA51-4E55-8E20-2E0BCB444CF9}.Release|x64.ActiveCfg = Release|Any CPU
		{FF1C31F2-BA51-4E55-8E20-2E0BCB444CF9}.Release|x64.Build.0 = Release|Any CPU
		{FF1C31F2-BA51-4E55-8E20-2E0BCB444CF9}.Release|x86.ActiveCfg = Release|Any CPU
		{FF1C31F2-BA51-4E55-8E20-2E0BCB444CF9}.Release|x86.Build.0 = Release|Any CPU
		{1F7C399D-9A77-497A-B7F3-99D9F7C57F29}.Debug|Any CPU.ActiveCfg = Debug|Any CPU
		{1F7C399D-9A77-497A-B7F3-99D9F7C57F29}.Debug|Any CPU.Build.0 = Debug|Any CPU
		{1F7C399D-9A77-497A-B7F3-99D9F7C57F29}.Debug|x64.ActiveCfg = Debug|Any CPU
		{1F7C399D-9A77-497A-B7F3-99D9F7C57F29}.Debug|x64.Build.0 = Debug|Any CPU
		{1F7C399D-9A77-497A-B7F3-99D9F7C57F29}.Debug|x86.ActiveCfg = Debug|Any CPU
		{1F7C399D-9A77-497A-B7F3-99D9F7C57F29}.Debug|x86.Build.0 = Debug|Any CPU
		{1F7C399D-9A77-497A-B7F3-99D9F7C57F29}.Release|Any CPU.ActiveCfg = Release|Any CPU
		{1F7C399D-9A77-497A-B7F3-99D9F7C57F29}.Release|Any CPU.Build.0 = Release|Any CPU
		{1F7C399D-9A77-497A-B7F3-99D9F7C57F29}.Release|x64.ActiveCfg = Release|Any CPU
		{1F7C399D-9A77-497A-B7F3-99D9F7C57F29}.Release|x64.Build.0 = Release|Any CPU
		{1F7C399D-9A77-497A-B7F3-99D9F7C57F29}.Release|x86.ActiveCfg = Release|Any CPU
		{1F7C399D-9A77-497A-B7F3-99D9F7C57F29}.Release|x86.Build.0 = Release|Any CPU
		{AAB37DFE-15E0-48DE-9122-172732D028C6}.Debug|Any CPU.ActiveCfg = Debug|Any CPU
		{AAB37DFE-15E0-48DE-9122-172732D028C6}.Debug|Any CPU.Build.0 = Debug|Any CPU
		{AAB37DFE-15E0-48DE-9122-172732D028C6}.Debug|x64.ActiveCfg = Debug|Any CPU
		{AAB37DFE-15E0-48DE-9122-172732D028C6}.Debug|x64.Build.0 = Debug|Any CPU
		{AAB37DFE-15E0-48DE-9122-172732D028C6}.Debug|x86.ActiveCfg = Debug|Any CPU
		{AAB37DFE-15E0-48DE-9122-172732D028C6}.Debug|x86.Build.0 = Debug|Any CPU
		{AAB37DFE-15E0-48DE-9122-172732D028C6}.Release|Any CPU.ActiveCfg = Release|Any CPU
		{AAB37DFE-15E0-48DE-9122-172732D028C6}.Release|Any CPU.Build.0 = Release|Any CPU
		{AAB37DFE-15E0-48DE-9122-172732D028C6}.Release|x64.ActiveCfg = Release|Any CPU
		{AAB37DFE-15E0-48DE-9122-172732D028C6}.Release|x64.Build.0 = Release|Any CPU
		{AAB37DFE-15E0-48DE-9122-172732D028C6}.Release|x86.ActiveCfg = Release|Any CPU
		{AAB37DFE-15E0-48DE-9122-172732D028C6}.Release|x86.Build.0 = Release|Any CPU
		{74311002-4D1B-4D66-AC79-E40575C34C81}.Debug|Any CPU.ActiveCfg = Debug|Any CPU
		{74311002-4D1B-4D66-AC79-E40575C34C81}.Debug|Any CPU.Build.0 = Debug|Any CPU
		{74311002-4D1B-4D66-AC79-E40575C34C81}.Debug|x64.ActiveCfg = Debug|Any CPU
		{74311002-4D1B-4D66-AC79-E40575C34C81}.Debug|x64.Build.0 = Debug|Any CPU
		{74311002-4D1B-4D66-AC79-E40575C34C81}.Debug|x86.ActiveCfg = Debug|Any CPU
		{74311002-4D1B-4D66-AC79-E40575C34C81}.Debug|x86.Build.0 = Debug|Any CPU
		{74311002-4D1B-4D66-AC79-E40575C34C81}.Release|Any CPU.ActiveCfg = Release|Any CPU
		{74311002-4D1B-4D66-AC79-E40575C34C81}.Release|Any CPU.Build.0 = Release|Any CPU
		{74311002-4D1B-4D66-AC79-E40575C34C81}.Release|x64.ActiveCfg = Release|Any CPU
		{74311002-4D1B-4D66-AC79-E40575C34C81}.Release|x64.Build.0 = Release|Any CPU
		{74311002-4D1B-4D66-AC79-E40575C34C81}.Release|x86.ActiveCfg = Release|Any CPU
		{74311002-4D1B-4D66-AC79-E40575C34C81}.Release|x86.Build.0 = Release|Any CPU
		{0A822E0B-A27E-46FF-911B-01908375A5D6}.Debug|Any CPU.ActiveCfg = Debug|Any CPU
		{0A822E0B-A27E-46FF-911B-01908375A5D6}.Debug|Any CPU.Build.0 = Debug|Any CPU
		{0A822E0B-A27E-46FF-911B-01908375A5D6}.Debug|x64.ActiveCfg = Debug|Any CPU
		{0A822E0B-A27E-46FF-911B-01908375A5D6}.Debug|x64.Build.0 = Debug|Any CPU
		{0A822E0B-A27E-46FF-911B-01908375A5D6}.Debug|x86.ActiveCfg = Debug|Any CPU
		{0A822E0B-A27E-46FF-911B-01908375A5D6}.Debug|x86.Build.0 = Debug|Any CPU
		{0A822E0B-A27E-46FF-911B-01908375A5D6}.Release|Any CPU.ActiveCfg = Release|Any CPU
		{0A822E0B-A27E-46FF-911B-01908375A5D6}.Release|Any CPU.Build.0 = Release|Any CPU
		{0A822E0B-A27E-46FF-911B-01908375A5D6}.Release|x64.ActiveCfg = Release|Any CPU
		{0A822E0B-A27E-46FF-911B-01908375A5D6}.Release|x64.Build.0 = Release|Any CPU
		{0A822E0B-A27E-46FF-911B-01908375A5D6}.Release|x86.ActiveCfg = Release|Any CPU
		{0A822E0B-A27E-46FF-911B-01908375A5D6}.Release|x86.Build.0 = Release|Any CPU
		{299A519C-76D4-46FD-AE54-8C46741C0946}.Debug|Any CPU.ActiveCfg = Debug|Any CPU
		{299A519C-76D4-46FD-AE54-8C46741C0946}.Debug|Any CPU.Build.0 = Debug|Any CPU
		{299A519C-76D4-46FD-AE54-8C46741C0946}.Debug|x64.ActiveCfg = Debug|Any CPU
		{299A519C-76D4-46FD-AE54-8C46741C0946}.Debug|x64.Build.0 = Debug|Any CPU
		{299A519C-76D4-46FD-AE54-8C46741C0946}.Debug|x86.ActiveCfg = Debug|Any CPU
		{299A519C-76D4-46FD-AE54-8C46741C0946}.Debug|x86.Build.0 = Debug|Any CPU
		{299A519C-76D4-46FD-AE54-8C46741C0946}.Release|Any CPU.ActiveCfg = Release|Any CPU
		{299A519C-76D4-46FD-AE54-8C46741C0946}.Release|Any CPU.Build.0 = Release|Any CPU
		{299A519C-76D4-46FD-AE54-8C46741C0946}.Release|x64.ActiveCfg = Release|Any CPU
		{299A519C-76D4-46FD-AE54-8C46741C0946}.Release|x64.Build.0 = Release|Any CPU
		{299A519C-76D4-46FD-AE54-8C46741C0946}.Release|x86.ActiveCfg = Release|Any CPU
		{299A519C-76D4-46FD-AE54-8C46741C0946}.Release|x86.Build.0 = Release|Any CPU
	EndGlobalSection
	GlobalSection(SolutionProperties) = preSolution
		HideSolutionNode = FALSE
	EndGlobalSection
	GlobalSection(NestedProjects) = preSolution
		{E175DD6A-977B-40C8-B185-1F45588F78A2} = {823AD07B-5E14-4A35-B70B-C05F758A5193}
		{B190FA1E-58F6-407E-B03C-5F910F2D638A} = {4BA39C02-8943-4ED6-B37E-637A0BAEB4D8}
		{FF1C31F2-BA51-4E55-8E20-2E0BCB444CF9} = {4BA39C02-8943-4ED6-B37E-637A0BAEB4D8}
		{1F7C399D-9A77-497A-B7F3-99D9F7C57F29} = {4BA39C02-8943-4ED6-B37E-637A0BAEB4D8}
		{AAB37DFE-15E0-48DE-9122-172732D028C6} = {4BA39C02-8943-4ED6-B37E-637A0BAEB4D8}
		{74311002-4D1B-4D66-AC79-E40575C34C81} = {4BA39C02-8943-4ED6-B37E-637A0BAEB4D8}
		{0A822E0B-A27E-46FF-911B-01908375A5D6} = {4BA39C02-8943-4ED6-B37E-637A0BAEB4D8}
		{299A519C-76D4-46FD-AE54-8C46741C0946} = {4BA39C02-8943-4ED6-B37E-637A0BAEB4D8}
	EndGlobalSection
EndGlobal
