
Microsoft Visual Studio Solution File, Format Version 12.00
# Visual Studio 15
VisualStudioVersion = 15.0.26403.7
MinimumVisualStudioVersion = 15.0.26124.0
Project("{2150E333-8FDC-42A3-9474-1A3956D46DE8}") = "Test", "Test", "{4BA39C02-8943-4ED6-B37E-637A0BAEB4D8}"
EndProject
Project("{9A19103F-16F7-4668-BE54-9A1E7A4F7556}") = "Intranet.Web", "Intranet.Web\Intranet.Web\Intranet.Web.csproj", "{30AEF3E4-2824-4040-9C76-95B559A13D90}"
EndProject
Project("{9A19103F-16F7-4668-BE54-9A1E7A4F7556}") = "Intranet.Web.UnitTests", "Intranet.Web\Intranet.Web.UnitTests\Intranet.Web.UnitTests.csproj", "{E7BB55C2-8774-4BBF-BA17-86378DC4D55E}"
EndProject
Project("{9A19103F-16F7-4668-BE54-9A1E7A4F7556}") = "Intranet.API.Domain", "Intranet.API\Intranet.API.Domain\Intranet.API.Domain.csproj", "{B89283DA-B3F1-4632-9590-E592E9DD74BF}"
EndProject
Project("{9A19103F-16F7-4668-BE54-9A1E7A4F7556}") = "Intranet.API", "Intranet.API\Intranet.API\Intranet.API.csproj", "{D22CA285-59EF-4EA3-9C26-8FABCFB33B93}"
EndProject
Project("{9A19103F-16F7-4668-BE54-9A1E7A4F7556}") = "Intranet.API.UnitTests", "Intranet.API\Intranet.API.UnitTests\Intranet.API.UnitTests.csproj", "{3E9F10BB-8940-47D8-9BAD-056E08A34179}"
EndProject
Project("{2150E333-8FDC-42A3-9474-1A3956D46DE8}") = "Build", "Build", "{6A0A2A42-1C46-4EA3-9163-773E9163501B}"
	ProjectSection(SolutionItems) = preProject
		..\.travis.yml = ..\.travis.yml
		build.cake = build.cake
	EndProjectSection
EndProject
Global
	GlobalSection(SolutionConfigurationPlatforms) = preSolution
		Debug|Any CPU = Debug|Any CPU
		Debug|x64 = Debug|x64
		Debug|x86 = Debug|x86
		Release|Any CPU = Release|Any CPU
		Release|x64 = Release|x64
		Release|x86 = Release|x86
	EndGlobalSection
	GlobalSection(ProjectConfigurationPlatforms) = postSolution
		{30AEF3E4-2824-4040-9C76-95B559A13D90}.Debug|Any CPU.ActiveCfg = Debug|Any CPU
		{30AEF3E4-2824-4040-9C76-95B559A13D90}.Debug|Any CPU.Build.0 = Debug|Any CPU
		{30AEF3E4-2824-4040-9C76-95B559A13D90}.Debug|x64.ActiveCfg = Debug|Any CPU
		{30AEF3E4-2824-4040-9C76-95B559A13D90}.Debug|x64.Build.0 = Debug|Any CPU
		{30AEF3E4-2824-4040-9C76-95B559A13D90}.Debug|x86.ActiveCfg = Debug|Any CPU
		{30AEF3E4-2824-4040-9C76-95B559A13D90}.Debug|x86.Build.0 = Debug|Any CPU
		{30AEF3E4-2824-4040-9C76-95B559A13D90}.Release|Any CPU.ActiveCfg = Release|Any CPU
		{30AEF3E4-2824-4040-9C76-95B559A13D90}.Release|Any CPU.Build.0 = Release|Any CPU
		{30AEF3E4-2824-4040-9C76-95B559A13D90}.Release|x64.ActiveCfg = Release|Any CPU
		{30AEF3E4-2824-4040-9C76-95B559A13D90}.Release|x64.Build.0 = Release|Any CPU
		{30AEF3E4-2824-4040-9C76-95B559A13D90}.Release|x86.ActiveCfg = Release|Any CPU
		{30AEF3E4-2824-4040-9C76-95B559A13D90}.Release|x86.Build.0 = Release|Any CPU
		{E7BB55C2-8774-4BBF-BA17-86378DC4D55E}.Debug|Any CPU.ActiveCfg = Debug|Any CPU
		{E7BB55C2-8774-4BBF-BA17-86378DC4D55E}.Debug|Any CPU.Build.0 = Debug|Any CPU
		{E7BB55C2-8774-4BBF-BA17-86378DC4D55E}.Debug|x64.ActiveCfg = Debug|Any CPU
		{E7BB55C2-8774-4BBF-BA17-86378DC4D55E}.Debug|x64.Build.0 = Debug|Any CPU
		{E7BB55C2-8774-4BBF-BA17-86378DC4D55E}.Debug|x86.ActiveCfg = Debug|Any CPU
		{E7BB55C2-8774-4BBF-BA17-86378DC4D55E}.Debug|x86.Build.0 = Debug|Any CPU
		{E7BB55C2-8774-4BBF-BA17-86378DC4D55E}.Release|Any CPU.ActiveCfg = Release|Any CPU
		{E7BB55C2-8774-4BBF-BA17-86378DC4D55E}.Release|Any CPU.Build.0 = Release|Any CPU
		{E7BB55C2-8774-4BBF-BA17-86378DC4D55E}.Release|x64.ActiveCfg = Release|Any CPU
		{E7BB55C2-8774-4BBF-BA17-86378DC4D55E}.Release|x64.Build.0 = Release|Any CPU
		{E7BB55C2-8774-4BBF-BA17-86378DC4D55E}.Release|x86.ActiveCfg = Release|Any CPU
		{E7BB55C2-8774-4BBF-BA17-86378DC4D55E}.Release|x86.Build.0 = Release|Any CPU
		{B89283DA-B3F1-4632-9590-E592E9DD74BF}.Debug|Any CPU.ActiveCfg = Debug|Any CPU
		{B89283DA-B3F1-4632-9590-E592E9DD74BF}.Debug|Any CPU.Build.0 = Debug|Any CPU
		{B89283DA-B3F1-4632-9590-E592E9DD74BF}.Debug|x64.ActiveCfg = Debug|Any CPU
		{B89283DA-B3F1-4632-9590-E592E9DD74BF}.Debug|x64.Build.0 = Debug|Any CPU
		{B89283DA-B3F1-4632-9590-E592E9DD74BF}.Debug|x86.ActiveCfg = Debug|Any CPU
		{B89283DA-B3F1-4632-9590-E592E9DD74BF}.Debug|x86.Build.0 = Debug|Any CPU
		{B89283DA-B3F1-4632-9590-E592E9DD74BF}.Release|Any CPU.ActiveCfg = Release|Any CPU
		{B89283DA-B3F1-4632-9590-E592E9DD74BF}.Release|Any CPU.Build.0 = Release|Any CPU
		{B89283DA-B3F1-4632-9590-E592E9DD74BF}.Release|x64.ActiveCfg = Release|Any CPU
		{B89283DA-B3F1-4632-9590-E592E9DD74BF}.Release|x64.Build.0 = Release|Any CPU
		{B89283DA-B3F1-4632-9590-E592E9DD74BF}.Release|x86.ActiveCfg = Release|Any CPU
		{B89283DA-B3F1-4632-9590-E592E9DD74BF}.Release|x86.Build.0 = Release|Any CPU
		{D22CA285-59EF-4EA3-9C26-8FABCFB33B93}.Debug|Any CPU.ActiveCfg = Debug|Any CPU
		{D22CA285-59EF-4EA3-9C26-8FABCFB33B93}.Debug|Any CPU.Build.0 = Debug|Any CPU
		{D22CA285-59EF-4EA3-9C26-8FABCFB33B93}.Debug|x64.ActiveCfg = Debug|Any CPU
		{D22CA285-59EF-4EA3-9C26-8FABCFB33B93}.Debug|x64.Build.0 = Debug|Any CPU
		{D22CA285-59EF-4EA3-9C26-8FABCFB33B93}.Debug|x86.ActiveCfg = Debug|Any CPU
		{D22CA285-59EF-4EA3-9C26-8FABCFB33B93}.Debug|x86.Build.0 = Debug|Any CPU
		{D22CA285-59EF-4EA3-9C26-8FABCFB33B93}.Release|Any CPU.ActiveCfg = Release|Any CPU
		{D22CA285-59EF-4EA3-9C26-8FABCFB33B93}.Release|Any CPU.Build.0 = Release|Any CPU
		{D22CA285-59EF-4EA3-9C26-8FABCFB33B93}.Release|x64.ActiveCfg = Release|Any CPU
		{D22CA285-59EF-4EA3-9C26-8FABCFB33B93}.Release|x64.Build.0 = Release|Any CPU
		{D22CA285-59EF-4EA3-9C26-8FABCFB33B93}.Release|x86.ActiveCfg = Release|Any CPU
		{D22CA285-59EF-4EA3-9C26-8FABCFB33B93}.Release|x86.Build.0 = Release|Any CPU
		{3E9F10BB-8940-47D8-9BAD-056E08A34179}.Debug|Any CPU.ActiveCfg = Debug|Any CPU
		{3E9F10BB-8940-47D8-9BAD-056E08A34179}.Debug|Any CPU.Build.0 = Debug|Any CPU
		{3E9F10BB-8940-47D8-9BAD-056E08A34179}.Debug|x64.ActiveCfg = Debug|Any CPU
		{3E9F10BB-8940-47D8-9BAD-056E08A34179}.Debug|x64.Build.0 = Debug|Any CPU
		{3E9F10BB-8940-47D8-9BAD-056E08A34179}.Debug|x86.ActiveCfg = Debug|Any CPU
		{3E9F10BB-8940-47D8-9BAD-056E08A34179}.Debug|x86.Build.0 = Debug|Any CPU
		{3E9F10BB-8940-47D8-9BAD-056E08A34179}.Release|Any CPU.ActiveCfg = Release|Any CPU
		{3E9F10BB-8940-47D8-9BAD-056E08A34179}.Release|Any CPU.Build.0 = Release|Any CPU
		{3E9F10BB-8940-47D8-9BAD-056E08A34179}.Release|x64.ActiveCfg = Release|Any CPU
		{3E9F10BB-8940-47D8-9BAD-056E08A34179}.Release|x64.Build.0 = Release|Any CPU
		{3E9F10BB-8940-47D8-9BAD-056E08A34179}.Release|x86.ActiveCfg = Release|Any CPU
		{3E9F10BB-8940-47D8-9BAD-056E08A34179}.Release|x86.Build.0 = Release|Any CPU
	EndGlobalSection
	GlobalSection(SolutionProperties) = preSolution
		HideSolutionNode = FALSE
	EndGlobalSection
	GlobalSection(NestedProjects) = preSolution
		{E7BB55C2-8774-4BBF-BA17-86378DC4D55E} = {4BA39C02-8943-4ED6-B37E-637A0BAEB4D8}
		{3E9F10BB-8940-47D8-9BAD-056E08A34179} = {4BA39C02-8943-4ED6-B37E-637A0BAEB4D8}
	EndGlobalSection
EndGlobal
