
Microsoft Visual Studio Solution File, Format Version 12.00
# Visual Studio 15
VisualStudioVersion = 15.0.26228.9
MinimumVisualStudioVersion = 10.0.40219.1
Project("{FAE04EC0-301F-11D3-BF4B-00C04F79EFBC}") = "Intranet.API", "Intranet.API\Intranet.API.csproj", "{51B5A554-ED44-4A3F-ACEA-E809F6D3928F}"
EndProject
Project("{FAE04EC0-301F-11D3-BF4B-00C04F79EFBC}") = "Intranet.Web", "Intranet.Web\Intranet.Web.csproj", "{C71A0DA5-0B4E-441C-91DE-903EDB711B8B}"
EndProject
Project("{2150E333-8FDC-42A3-9474-1A3956D46DE8}") = "Test", "Test", "{2B3C673D-290D-44E3-8702-077B4607C2A0}"
EndProject
Project("{9A19103F-16F7-4668-BE54-9A1E7A4F7556}") = "Intranet.Web.UnitTests", "Intranet.Web.UnitTests\Intranet.Web.UnitTests.csproj", "{0E439046-857A-4C0D-AB9B-103CD28C0DAE}"
EndProject
Project("{FAE04EC0-301F-11D3-BF4B-00C04F79EFBC}") = "Intranet.API.UnitTests", "Intranet.API.UnitTests\Intranet.API.UnitTests.csproj", "{2E866925-6504-4B07-9558-D43725673AF3}"
EndProject
Project("{FAE04EC0-301F-11D3-BF4B-00C04F79EFBC}") = "Intranet.API.Domain", "Intranet.API.Domain\Intranet.API.Domain.csproj", "{F1433FA7-B06D-4EF1-B836-339E6DC92F26}"
EndProject
Global
	GlobalSection(SolutionConfigurationPlatforms) = preSolution
		Debug|Any CPU = Debug|Any CPU
		Release|Any CPU = Release|Any CPU
	EndGlobalSection
	GlobalSection(ProjectConfigurationPlatforms) = postSolution
		{51B5A554-ED44-4A3F-ACEA-E809F6D3928F}.Debug|Any CPU.ActiveCfg = Debug|Any CPU
		{51B5A554-ED44-4A3F-ACEA-E809F6D3928F}.Debug|Any CPU.Build.0 = Debug|Any CPU
		{51B5A554-ED44-4A3F-ACEA-E809F6D3928F}.Release|Any CPU.ActiveCfg = Release|Any CPU
		{51B5A554-ED44-4A3F-ACEA-E809F6D3928F}.Release|Any CPU.Build.0 = Release|Any CPU
		{C71A0DA5-0B4E-441C-91DE-903EDB711B8B}.Debug|Any CPU.ActiveCfg = Debug|Any CPU
		{C71A0DA5-0B4E-441C-91DE-903EDB711B8B}.Debug|Any CPU.Build.0 = Debug|Any CPU
		{C71A0DA5-0B4E-441C-91DE-903EDB711B8B}.Release|Any CPU.ActiveCfg = Release|Any CPU
		{C71A0DA5-0B4E-441C-91DE-903EDB711B8B}.Release|Any CPU.Build.0 = Release|Any CPU
		{0E439046-857A-4C0D-AB9B-103CD28C0DAE}.Debug|Any CPU.ActiveCfg = Debug|Any CPU
		{0E439046-857A-4C0D-AB9B-103CD28C0DAE}.Debug|Any CPU.Build.0 = Debug|Any CPU
		{0E439046-857A-4C0D-AB9B-103CD28C0DAE}.Release|Any CPU.ActiveCfg = Release|Any CPU
		{0E439046-857A-4C0D-AB9B-103CD28C0DAE}.Release|Any CPU.Build.0 = Release|Any CPU
		{2E866925-6504-4B07-9558-D43725673AF3}.Debug|Any CPU.ActiveCfg = Debug|Any CPU
		{2E866925-6504-4B07-9558-D43725673AF3}.Debug|Any CPU.Build.0 = Debug|Any CPU
		{2E866925-6504-4B07-9558-D43725673AF3}.Release|Any CPU.ActiveCfg = Release|Any CPU
		{2E866925-6504-4B07-9558-D43725673AF3}.Release|Any CPU.Build.0 = Release|Any CPU
		{F1433FA7-B06D-4EF1-B836-339E6DC92F26}.Debug|Any CPU.ActiveCfg = Debug|Any CPU
		{F1433FA7-B06D-4EF1-B836-339E6DC92F26}.Debug|Any CPU.Build.0 = Debug|Any CPU
		{F1433FA7-B06D-4EF1-B836-339E6DC92F26}.Release|Any CPU.ActiveCfg = Release|Any CPU
		{F1433FA7-B06D-4EF1-B836-339E6DC92F26}.Release|Any CPU.Build.0 = Release|Any CPU
	EndGlobalSection
	GlobalSection(SolutionProperties) = preSolution
		HideSolutionNode = FALSE
	EndGlobalSection
	GlobalSection(NestedProjects) = preSolution
		{0E439046-857A-4C0D-AB9B-103CD28C0DAE} = {2B3C673D-290D-44E3-8702-077B4607C2A0}
		{2E866925-6504-4B07-9558-D43725673AF3} = {2B3C673D-290D-44E3-8702-077B4607C2A0}
	EndGlobalSection
EndGlobal
